
Microsoft Visual Studio Solution File, Format Version 12.00
# Visual Studio 2013
VisualStudioVersion = 12.0.21005.1
MinimumVisualStudioVersion = 10.0.40219.1
Project("{FAE04EC0-301F-11D3-BF4B-00C04F79EFBC}") = "WebApi", "WebApi\WebApi.csproj", "{F108B5FD-FBD4-4844-8F58-C0E61D67BEF8}"
EndProject
Project("{2150E333-8FDC-42A3-9474-1A3956D46DE8}") = "UI层", "UI层", "{61D350F0-7A3D-4DFE-AEA6-75F7B9B12026}"
EndProject
Project("{2150E333-8FDC-42A3-9474-1A3956D46DE8}") = "业务逻辑层", "业务逻辑层", "{E2714302-75B9-400D-9D56-37BBE64207DA}"
EndProject
Project("{2150E333-8FDC-42A3-9474-1A3956D46DE8}") = "数据交互层", "数据交互层", "{AA586755-1DBC-4110-99C9-633F73DF349F}"
EndProject
Project("{2150E333-8FDC-42A3-9474-1A3956D46DE8}") = "公共层", "公共层", "{BEE12398-5D19-4E9F-9C6D-E091581558DC}"
EndProject
Project("{2150E333-8FDC-42A3-9474-1A3956D46DE8}") = "Model", "Model", "{BD1B7396-95A1-445B-BB51-A7BF23358892}"
EndProject
Project("{FAE04EC0-301F-11D3-BF4B-00C04F79EFBC}") = "Models", "Models\Models.csproj", "{7A6837CF-3216-479E-81BF-B1587A26B529}"
EndProject
Project("{FAE04EC0-301F-11D3-BF4B-00C04F79EFBC}") = "Common", "Common\Common.csproj", "{32391082-C65D-4FC1-A98D-A7E2F5FBFB13}"
EndProject
Project("{FAE04EC0-301F-11D3-BF4B-00C04F79EFBC}") = "DAL", "DAL\DAL.csproj", "{41511F5B-3A08-442A-9877-554A86B4CC45}"
EndProject
Project("{FAE04EC0-301F-11D3-BF4B-00C04F79EFBC}") = "BLL", "BLL\BLL.csproj", "{3D6011D8-3940-4327-B962-F4F286B01D7A}"
EndProject
Global
	GlobalSection(SolutionConfigurationPlatforms) = preSolution
		Debug|Any CPU = Debug|Any CPU
		Release|Any CPU = Release|Any CPU
	EndGlobalSection
	GlobalSection(ProjectConfigurationPlatforms) = postSolution
		{F108B5FD-FBD4-4844-8F58-C0E61D67BEF8}.Debug|Any CPU.ActiveCfg = Debug|Any CPU
		{F108B5FD-FBD4-4844-8F58-C0E61D67BEF8}.Debug|Any CPU.Build.0 = Debug|Any CPU
		{F108B5FD-FBD4-4844-8F58-C0E61D67BEF8}.Release|Any CPU.ActiveCfg = Release|Any CPU
		{F108B5FD-FBD4-4844-8F58-C0E61D67BEF8}.Release|Any CPU.Build.0 = Release|Any CPU
		{7A6837CF-3216-479E-81BF-B1587A26B529}.Debug|Any CPU.ActiveCfg = Debug|Any CPU
		{7A6837CF-3216-479E-81BF-B1587A26B529}.Debug|Any CPU.Build.0 = Debug|Any CPU
		{7A6837CF-3216-479E-81BF-B1587A26B529}.Release|Any CPU.ActiveCfg = Release|Any CPU
		{7A6837CF-3216-479E-81BF-B1587A26B529}.Release|Any CPU.Build.0 = Release|Any CPU
		{32391082-C65D-4FC1-A98D-A7E2F5FBFB13}.Debug|Any CPU.ActiveCfg = Debug|Any CPU
		{32391082-C65D-4FC1-A98D-A7E2F5FBFB13}.Debug|Any CPU.Build.0 = Debug|Any CPU
		{32391082-C65D-4FC1-A98D-A7E2F5FBFB13}.Release|Any CPU.ActiveCfg = Release|Any CPU
		{32391082-C65D-4FC1-A98D-A7E2F5FBFB13}.Release|Any CPU.Build.0 = Release|Any CPU
		{41511F5B-3A08-442A-9877-554A86B4CC45}.Debug|Any CPU.ActiveCfg = Debug|Any CPU
		{41511F5B-3A08-442A-9877-554A86B4CC45}.Debug|Any CPU.Build.0 = Debug|Any CPU
		{41511F5B-3A08-442A-9877-554A86B4CC45}.Release|Any CPU.ActiveCfg = Release|Any CPU
		{41511F5B-3A08-442A-9877-554A86B4CC45}.Release|Any CPU.Build.0 = Release|Any CPU
		{3D6011D8-3940-4327-B962-F4F286B01D7A}.Debug|Any CPU.ActiveCfg = Debug|Any CPU
		{3D6011D8-3940-4327-B962-F4F286B01D7A}.Debug|Any CPU.Build.0 = Debug|Any CPU
		{3D6011D8-3940-4327-B962-F4F286B01D7A}.Release|Any CPU.ActiveCfg = Release|Any CPU
		{3D6011D8-3940-4327-B962-F4F286B01D7A}.Release|Any CPU.Build.0 = Release|Any CPU
	EndGlobalSection
	GlobalSection(SolutionProperties) = preSolution
		HideSolutionNode = FALSE
	EndGlobalSection
	GlobalSection(NestedProjects) = preSolution
		{F108B5FD-FBD4-4844-8F58-C0E61D67BEF8} = {61D350F0-7A3D-4DFE-AEA6-75F7B9B12026}
		{3D6011D8-3940-4327-B962-F4F286B01D7A} = {E2714302-75B9-400D-9D56-37BBE64207DA}
		{41511F5B-3A08-442A-9877-554A86B4CC45} = {AA586755-1DBC-4110-99C9-633F73DF349F}
		{32391082-C65D-4FC1-A98D-A7E2F5FBFB13} = {BEE12398-5D19-4E9F-9C6D-E091581558DC}
		{7A6837CF-3216-479E-81BF-B1587A26B529} = {BD1B7396-95A1-445B-BB51-A7BF23358892}
	EndGlobalSection
EndGlobal
